
Microsoft Visual Studio Solution File, Format Version 12.00
# Visual Studio 15
VisualStudioVersion = 15.0.27703.2042
MinimumVisualStudioVersion = 10.0.40219.1
Project("{9A19103F-16F7-4668-BE54-9A1E7A4F7556}") = "WongaSender.App", "WongaSenderApp\WongaSender.App.csproj", "{77F02BFB-80D3-4371-B6D5-B4BA91B36AD9}"
EndProject
Project("{9A19103F-16F7-4668-BE54-9A1E7A4F7556}") = "WongaReceiver.App", "WongaReceiverApp\WongaReceiver.App.csproj", "{836C48CD-5D9B-4FD4-90A6-BD79E56347AD}"
EndProject
Project("{9A19103F-16F7-4668-BE54-9A1E7A4F7556}") = "MessageClient", "MesssageBus\MessageClient.csproj", "{F97F8BD3-515B-4B57-AE65-3BB3E8D9BF50}"
EndProject
Project("{FAE04EC0-301F-11D3-BF4B-00C04F79EFBC}") = "Wonga.Tests", "Wonga.Tests\Wonga.Tests.csproj", "{AE02D672-5F6A-48AC-BF34-FFFE0819D379}"
EndProject
Global
	GlobalSection(SolutionConfigurationPlatforms) = preSolution
		Debug|Any CPU = Debug|Any CPU
		Release|Any CPU = Release|Any CPU
	EndGlobalSection
	GlobalSection(ProjectConfigurationPlatforms) = postSolution
		{77F02BFB-80D3-4371-B6D5-B4BA91B36AD9}.Debug|Any CPU.ActiveCfg = Debug|Any CPU
		{77F02BFB-80D3-4371-B6D5-B4BA91B36AD9}.Debug|Any CPU.Build.0 = Debug|Any CPU
		{77F02BFB-80D3-4371-B6D5-B4BA91B36AD9}.Release|Any CPU.ActiveCfg = Release|Any CPU
		{77F02BFB-80D3-4371-B6D5-B4BA91B36AD9}.Release|Any CPU.Build.0 = Release|Any CPU
		{836C48CD-5D9B-4FD4-90A6-BD79E56347AD}.Debug|Any CPU.ActiveCfg = Debug|Any CPU
		{836C48CD-5D9B-4FD4-90A6-BD79E56347AD}.Debug|Any CPU.Build.0 = Debug|Any CPU
		{836C48CD-5D9B-4FD4-90A6-BD79E56347AD}.Release|Any CPU.ActiveCfg = Release|Any CPU
		{836C48CD-5D9B-4FD4-90A6-BD79E56347AD}.Release|Any CPU.Build.0 = Release|Any CPU
		{F97F8BD3-515B-4B57-AE65-3BB3E8D9BF50}.Debug|Any CPU.ActiveCfg = Debug|Any CPU
		{F97F8BD3-515B-4B57-AE65-3BB3E8D9BF50}.Debug|Any CPU.Build.0 = Debug|Any CPU
		{F97F8BD3-515B-4B57-AE65-3BB3E8D9BF50}.Release|Any CPU.ActiveCfg = Release|Any CPU
		{F97F8BD3-515B-4B57-AE65-3BB3E8D9BF50}.Release|Any CPU.Build.0 = Release|Any CPU
		{AE02D672-5F6A-48AC-BF34-FFFE0819D379}.Debug|Any CPU.ActiveCfg = Debug|Any CPU
		{AE02D672-5F6A-48AC-BF34-FFFE0819D379}.Debug|Any CPU.Build.0 = Debug|Any CPU
		{AE02D672-5F6A-48AC-BF34-FFFE0819D379}.Release|Any CPU.ActiveCfg = Release|Any CPU
		{AE02D672-5F6A-48AC-BF34-FFFE0819D379}.Release|Any CPU.Build.0 = Release|Any CPU
	EndGlobalSection
	GlobalSection(SolutionProperties) = preSolution
		HideSolutionNode = FALSE
	EndGlobalSection
	GlobalSection(ExtensibilityGlobals) = postSolution
		SolutionGuid = {CC488EA2-0824-44C4-AF8B-900A9ED51949}
	EndGlobalSection
EndGlobal
